// !$*UTF8*$!
{
	archiveVersion = 1;
	classes = {
	};
	objectVersion = 50;
	objects = {

/* Begin PBXBuildFile section */
		3A19F6E52113F9F70002200B /* ALDataModel.xcdatamodeld in Sources */ = {isa = PBXBuildFile; fileRef = 3A19F6E32113F9F70002200B /* ALDataModel.xcdatamodeld */; };
		3A19F6E72113FAE90002200B /* ALDataManager.swift in Sources */ = {isa = PBXBuildFile; fileRef = 3A19F6E62113FAE90002200B /* ALDataManager.swift */; };
		3A19F6EC21142B1A0002200B /* Album.swift in Sources */ = {isa = PBXBuildFile; fileRef = 3A19F6EA21142B1A0002200B /* Album.swift */; };
		3A19F6ED21142B1A0002200B /* Album+CoreDataProperties.swift in Sources */ = {isa = PBXBuildFile; fileRef = 3A19F6EB21142B1A0002200B /* Album+CoreDataProperties.swift */; };
		3A1ECC6C2112F2230043E1B1 /* MainViewController.swift in Sources */ = {isa = PBXBuildFile; fileRef = 3A1ECC6B2112F2230043E1B1 /* MainViewController.swift */; };
		3A23B8AF211199BD006A9C95 /* ARWindowViewController.swift in Sources */ = {isa = PBXBuildFile; fileRef = 3A23B8AE211199BD006A9C95 /* ARWindowViewController.swift */; };
		3A23B8B1211199DE006A9C95 /* DrawerViewController.swift in Sources */ = {isa = PBXBuildFile; fileRef = 3A23B8B0211199DE006A9C95 /* DrawerViewController.swift */; };
		3A56BF6E212D7EF80005ABC6 /* Extensions.swift in Sources */ = {isa = PBXBuildFile; fileRef = 3A56BF6D212D7EF80005ABC6 /* Extensions.swift */; };
		3A6045C62112D9540077EE08 /* ALTheme.swift in Sources */ = {isa = PBXBuildFile; fileRef = 3A6045C52112D9540077EE08 /* ALTheme.swift */; };
		3A647EDD212EDD3900090510 /* SunsetShanghai.mov in Resources */ = {isa = PBXBuildFile; fileRef = 3A647EDC212EDD3900090510 /* SunsetShanghai.mov */; };
		3A6DF7422111E38C00DA5CD2 /* DrawerView.xib in Resources */ = {isa = PBXBuildFile; fileRef = 3A6DF7412111E38C00DA5CD2 /* DrawerView.xib */; };
		3A6DF7442111E39B00DA5CD2 /* DrawerView.swift in Sources */ = {isa = PBXBuildFile; fileRef = 3A6DF7432111E39B00DA5CD2 /* DrawerView.swift */; };
		3AA90F7A212ED0DA00F12575 /* StoreView.swift in Sources */ = {isa = PBXBuildFile; fileRef = 3AA90F79212ED0DA00F12575 /* StoreView.swift */; };
		3AA90F7C212ED15200F12575 /* StoreView.xib in Resources */ = {isa = PBXBuildFile; fileRef = 3AA90F7B212ED15200F12575 /* StoreView.xib */; };
		3AA90F7E212ED46E00F12575 /* AlbumView.swift in Sources */ = {isa = PBXBuildFile; fileRef = 3AA90F7D212ED46E00F12575 /* AlbumView.swift */; };
		3AA90F80212ED4DD00F12575 /* AlbumView.xib in Resources */ = {isa = PBXBuildFile; fileRef = 3AA90F7F212ED4DD00F12575 /* AlbumView.xib */; };
		3AB8853D21142D0600211531 /* Photo.swift in Sources */ = {isa = PBXBuildFile; fileRef = 3AB8853B21142D0600211531 /* Photo.swift */; };
		3AB8853E21142D0600211531 /* Photo+CoreDataProperties.swift in Sources */ = {isa = PBXBuildFile; fileRef = 3AB8853C21142D0600211531 /* Photo+CoreDataProperties.swift */; };
		3ADBD1DE212F9C8400A9DE48 /* Phone_01.scn in Resources */ = {isa = PBXBuildFile; fileRef = 3ADBD1DD212F9C8400A9DE48 /* Phone_01.scn */; };
		3ADBD1E0212F9C8F00A9DE48 /* texture.jpg in Resources */ = {isa = PBXBuildFile; fileRef = 3ADBD1DF212F9C8F00A9DE48 /* texture.jpg */; };
		3ADBD1E2212F9C9C00A9DE48 /* Phone_01.mtl in Resources */ = {isa = PBXBuildFile; fileRef = 3ADBD1E1212F9C9C00A9DE48 /* Phone_01.mtl */; };
		3ADBD1E4212F9CA900A9DE48 /* Google-Pixel-XL-Black-Back.png in Resources */ = {isa = PBXBuildFile; fileRef = 3ADBD1E3212F9CA900A9DE48 /* Google-Pixel-XL-Black-Back.png */; };
		3ADBD1E6212F9CB100A9DE48 /* GooglePixel.png in Resources */ = {isa = PBXBuildFile; fileRef = 3ADBD1E5212F9CB100A9DE48 /* GooglePixel.png */; };
		3ADBD1E8212F9CC600A9DE48 /* pixel-screenshot.png in Resources */ = {isa = PBXBuildFile; fileRef = 3ADBD1E7212F9CC600A9DE48 /* pixel-screenshot.png */; };
		3AE8636D2111F8B500297088 /* DrawerTabView.xib in Resources */ = {isa = PBXBuildFile; fileRef = 3AE8636C2111F8B500297088 /* DrawerTabView.xib */; };
		3AE8636F2111F8C200297088 /* DrawerTabView.swift in Sources */ = {isa = PBXBuildFile; fileRef = 3AE8636E2111F8C200297088 /* DrawerTabView.swift */; };
		3AEAA09B210FF48E00D45A01 /* AppDelegate.swift in Sources */ = {isa = PBXBuildFile; fileRef = 3AEAA09A210FF48E00D45A01 /* AppDelegate.swift */; };
		3AEAA0A0210FF48E00D45A01 /* Main.storyboard in Resources */ = {isa = PBXBuildFile; fileRef = 3AEAA09E210FF48E00D45A01 /* Main.storyboard */; };
		3AEAA0A2210FF49100D45A01 /* Assets.xcassets in Resources */ = {isa = PBXBuildFile; fileRef = 3AEAA0A1210FF49100D45A01 /* Assets.xcassets */; };
		3AEAA0A5210FF49100D45A01 /* LaunchScreen.storyboard in Resources */ = {isa = PBXBuildFile; fileRef = 3AEAA0A3210FF49100D45A01 /* LaunchScreen.storyboard */; };
		D9537295DCECD964449105C4 /* libPods-A·Live.a in Frameworks */ = {isa = PBXBuildFile; fileRef = 8CA50E559B57B74EC7A64398 /* libPods-A·Live.a */; };
/* End PBXBuildFile section */

/* Begin PBXFileReference section */
		3A19F6E42113F9F70002200B /* ALDataModel.xcdatamodel */ = {isa = PBXFileReference; lastKnownFileType = wrapper.xcdatamodel; path = ALDataModel.xcdatamodel; sourceTree = "<group>"; };
		3A19F6E62113FAE90002200B /* ALDataManager.swift */ = {isa = PBXFileReference; lastKnownFileType = sourcecode.swift; path = ALDataManager.swift; sourceTree = "<group>"; };
		3A19F6EA21142B1A0002200B /* Album.swift */ = {isa = PBXFileReference; lastKnownFileType = sourcecode.swift; name = Album.swift; path = "/Users/licanchen/Desktop/A·Live/A·Live/ALFoundation/Album.swift"; sourceTree = "<absolute>"; };
		3A19F6EB21142B1A0002200B /* Album+CoreDataProperties.swift */ = {isa = PBXFileReference; lastKnownFileType = sourcecode.swift; name = "Album+CoreDataProperties.swift"; path = "/Users/licanchen/Desktop/A·Live/A·Live/ALFoundation/Album+CoreDataProperties.swift"; sourceTree = "<absolute>"; };
		3A1ECC6B2112F2230043E1B1 /* MainViewController.swift */ = {isa = PBXFileReference; lastKnownFileType = sourcecode.swift; path = MainViewController.swift; sourceTree = "<group>"; };
		3A23B8AE211199BD006A9C95 /* ARWindowViewController.swift */ = {isa = PBXFileReference; lastKnownFileType = sourcecode.swift; path = ARWindowViewController.swift; sourceTree = "<group>"; };
		3A23B8B0211199DE006A9C95 /* DrawerViewController.swift */ = {isa = PBXFileReference; lastKnownFileType = sourcecode.swift; path = DrawerViewController.swift; sourceTree = "<group>"; };
		3A56BF6D212D7EF80005ABC6 /* Extensions.swift */ = {isa = PBXFileReference; lastKnownFileType = sourcecode.swift; path = Extensions.swift; sourceTree = "<group>"; };
		3A6045C52112D9540077EE08 /* ALTheme.swift */ = {isa = PBXFileReference; lastKnownFileType = sourcecode.swift; path = ALTheme.swift; sourceTree = "<group>"; };
		3A647EDC212EDD3900090510 /* SunsetShanghai.mov */ = {isa = PBXFileReference; lastKnownFileType = video.quicktime; path = SunsetShanghai.mov; sourceTree = "<group>"; };
		3A6DF7412111E38C00DA5CD2 /* DrawerView.xib */ = {isa = PBXFileReference; lastKnownFileType = file.xib; path = DrawerView.xib; sourceTree = "<group>"; };
		3A6DF7432111E39B00DA5CD2 /* DrawerView.swift */ = {isa = PBXFileReference; lastKnownFileType = sourcecode.swift; path = DrawerView.swift; sourceTree = "<group>"; };
		3AA90F79212ED0DA00F12575 /* StoreView.swift */ = {isa = PBXFileReference; lastKnownFileType = sourcecode.swift; path = StoreView.swift; sourceTree = "<group>"; };
		3AA90F7B212ED15200F12575 /* StoreView.xib */ = {isa = PBXFileReference; lastKnownFileType = file.xib; path = StoreView.xib; sourceTree = "<group>"; };
		3AA90F7D212ED46E00F12575 /* AlbumView.swift */ = {isa = PBXFileReference; lastKnownFileType = sourcecode.swift; path = AlbumView.swift; sourceTree = "<group>"; };
		3AA90F7F212ED4DD00F12575 /* AlbumView.xib */ = {isa = PBXFileReference; lastKnownFileType = file.xib; path = AlbumView.xib; sourceTree = "<group>"; };
		3AB8853B21142D0600211531 /* Photo.swift */ = {isa = PBXFileReference; lastKnownFileType = sourcecode.swift; name = Photo.swift; path = "/Users/licanchen/Desktop/A·Live/A·Live/ALFoundation/Photo.swift"; sourceTree = "<absolute>"; };
		3AB8853C21142D0600211531 /* Photo+CoreDataProperties.swift */ = {isa = PBXFileReference; lastKnownFileType = sourcecode.swift; name = "Photo+CoreDataProperties.swift"; path = "/Users/licanchen/Desktop/A·Live/A·Live/ALFoundation/Photo+CoreDataProperties.swift"; sourceTree = "<absolute>"; };
		3ADBD1DD212F9C8400A9DE48 /* Phone_01.scn */ = {isa = PBXFileReference; lastKnownFileType = file.bplist; path = Phone_01.scn; sourceTree = "<group>"; };
		3ADBD1DF212F9C8F00A9DE48 /* texture.jpg */ = {isa = PBXFileReference; lastKnownFileType = image.jpeg; path = texture.jpg; sourceTree = "<group>"; };
		3ADBD1E1212F9C9C00A9DE48 /* Phone_01.mtl */ = {isa = PBXFileReference; fileEncoding = 4; lastKnownFileType = text; path = Phone_01.mtl; sourceTree = "<group>"; };
		3ADBD1E3212F9CA900A9DE48 /* Google-Pixel-XL-Black-Back.png */ = {isa = PBXFileReference; lastKnownFileType = image.png; path = "Google-Pixel-XL-Black-Back.png"; sourceTree = "<group>"; };
		3ADBD1E5212F9CB100A9DE48 /* GooglePixel.png */ = {isa = PBXFileReference; lastKnownFileType = image.png; path = GooglePixel.png; sourceTree = "<group>"; };
		3ADBD1E7212F9CC600A9DE48 /* pixel-screenshot.png */ = {isa = PBXFileReference; lastKnownFileType = image.png; path = "pixel-screenshot.png"; sourceTree = "<group>"; };
		3AE8636C2111F8B500297088 /* DrawerTabView.xib */ = {isa = PBXFileReference; lastKnownFileType = file.xib; path = DrawerTabView.xib; sourceTree = "<group>"; };
		3AE8636E2111F8C200297088 /* DrawerTabView.swift */ = {isa = PBXFileReference; lastKnownFileType = sourcecode.swift; path = DrawerTabView.swift; sourceTree = "<group>"; };
		3AEAA097210FF48E00D45A01 /* A·Live.app */ = {isa = PBXFileReference; explicitFileType = wrapper.application; includeInIndex = 0; path = "A·Live.app"; sourceTree = BUILT_PRODUCTS_DIR; };
		3AEAA09A210FF48E00D45A01 /* AppDelegate.swift */ = {isa = PBXFileReference; lastKnownFileType = sourcecode.swift; path = AppDelegate.swift; sourceTree = "<group>"; };
		3AEAA09F210FF48E00D45A01 /* Base */ = {isa = PBXFileReference; lastKnownFileType = file.storyboard; name = Base; path = Base.lproj/Main.storyboard; sourceTree = "<group>"; };
		3AEAA0A1210FF49100D45A01 /* Assets.xcassets */ = {isa = PBXFileReference; lastKnownFileType = folder.assetcatalog; path = Assets.xcassets; sourceTree = "<group>"; };
		3AEAA0A4210FF49100D45A01 /* Base */ = {isa = PBXFileReference; lastKnownFileType = file.storyboard; name = Base; path = Base.lproj/LaunchScreen.storyboard; sourceTree = "<group>"; };
		3AEAA0A6210FF49100D45A01 /* Info.plist */ = {isa = PBXFileReference; lastKnownFileType = text.plist.xml; path = Info.plist; sourceTree = "<group>"; };
		898FFCFCA52587E92A2763F9 /* Pods-A·Live.release.xcconfig */ = {isa = PBXFileReference; includeInIndex = 1; lastKnownFileType = text.xcconfig; name = "Pods-A·Live.release.xcconfig"; path = "Pods/Target Support Files/Pods-A·Live/Pods-A·Live.release.xcconfig"; sourceTree = "<group>"; };
		8CA50E559B57B74EC7A64398 /* libPods-A·Live.a */ = {isa = PBXFileReference; explicitFileType = archive.ar; includeInIndex = 0; path = "libPods-A·Live.a"; sourceTree = BUILT_PRODUCTS_DIR; };
		FB2115A812E8ECE18F9F4C6C /* Pods-A·Live.debug.xcconfig */ = {isa = PBXFileReference; includeInIndex = 1; lastKnownFileType = text.xcconfig; name = "Pods-A·Live.debug.xcconfig"; path = "Pods/Target Support Files/Pods-A·Live/Pods-A·Live.debug.xcconfig"; sourceTree = "<group>"; };
/* End PBXFileReference section */

/* Begin PBXFrameworksBuildPhase section */
		3AEAA094210FF48E00D45A01 /* Frameworks */ = {
			isa = PBXFrameworksBuildPhase;
			buildActionMask = 2147483647;
			files = (
				D9537295DCECD964449105C4 /* libPods-A·Live.a in Frameworks */,
			);
			runOnlyForDeploymentPostprocessing = 0;
		};
/* End PBXFrameworksBuildPhase section */

/* Begin PBXGroup section */
		02B449B5E645CA759376CC04 /* Pods */ = {
			isa = PBXGroup;
			children = (
				FB2115A812E8ECE18F9F4C6C /* Pods-A·Live.debug.xcconfig */,
				898FFCFCA52587E92A2763F9 /* Pods-A·Live.release.xcconfig */,
			);
			name = Pods;
			sourceTree = "<group>";
		};
		3A28A5E82112F6EC00F8313C /* Main */ = {
			isa = PBXGroup;
			children = (
				3AEAA09E210FF48E00D45A01 /* Main.storyboard */,
				3A1ECC6B2112F2230043E1B1 /* MainViewController.swift */,
			);
			path = Main;
			sourceTree = "<group>";
		};
		3A6045C72112DBA50077EE08 /* Drawer */ = {
			isa = PBXGroup;
			children = (
				3A23B8B0211199DE006A9C95 /* DrawerViewController.swift */,
				3A6DF7412111E38C00DA5CD2 /* DrawerView.xib */,
				3A6DF7432111E39B00DA5CD2 /* DrawerView.swift */,
				3AE8636C2111F8B500297088 /* DrawerTabView.xib */,
				3AE8636E2111F8C200297088 /* DrawerTabView.swift */,
				3AA90F7F212ED4DD00F12575 /* AlbumView.xib */,
				3AA90F7D212ED46E00F12575 /* AlbumView.swift */,
				3AA90F7B212ED15200F12575 /* StoreView.xib */,
				3AA90F79212ED0DA00F12575 /* StoreView.swift */,
			);
			path = Drawer;
			sourceTree = "<group>";
		};
		3A9CA4012112DC22004857EB /* AR */ = {
			isa = PBXGroup;
			children = (
				3A23B8AE211199BD006A9C95 /* ARWindowViewController.swift */,
			);
			path = AR;
			sourceTree = "<group>";
		};
		3A9CA4022112DC35004857EB /* ALFoundation */ = {
			isa = PBXGroup;
			children = (
				3A6045C52112D9540077EE08 /* ALTheme.swift */,
				3A19F6E62113FAE90002200B /* ALDataManager.swift */,
				3A56BF6D212D7EF80005ABC6 /* Extensions.swift */,
				3A19F6E32113F9F70002200B /* ALDataModel.xcdatamodeld */,
				3A19F6EA21142B1A0002200B /* Album.swift */,
				3A19F6EB21142B1A0002200B /* Album+CoreDataProperties.swift */,
				3AB8853B21142D0600211531 /* Photo.swift */,
				3AB8853C21142D0600211531 /* Photo+CoreDataProperties.swift */,
			);
			path = ALFoundation;
			sourceTree = "<group>";
		};
		3AEAA08E210FF48E00D45A01 = {
			isa = PBXGroup;
			children = (
				3AEAA099210FF48E00D45A01 /* A·Live */,
				3AEAA098210FF48E00D45A01 /* Products */,
				02B449B5E645CA759376CC04 /* Pods */,
				3E3304151DE2822D725C4FF6 /* Frameworks */,
			);
			sourceTree = "<group>";
		};
		3AEAA098210FF48E00D45A01 /* Products */ = {
			isa = PBXGroup;
			children = (
				3AEAA097210FF48E00D45A01 /* A·Live.app */,
			);
			name = Products;
			sourceTree = "<group>";
		};
		3AEAA099210FF48E00D45A01 /* A·Live */ = {
			isa = PBXGroup;
			children = (
				3AEAA09A210FF48E00D45A01 /* AppDelegate.swift */,
				3AEAA0A3210FF49100D45A01 /* LaunchScreen.storyboard */,
				3AEAA0A1210FF49100D45A01 /* Assets.xcassets */,
				3A647EDC212EDD3900090510 /* SunsetShanghai.mov */,
				3ADBD1DD212F9C8400A9DE48 /* Phone_01.scn */,
				3ADBD1E7212F9CC600A9DE48 /* pixel-screenshot.png */,
				3ADBD1E5212F9CB100A9DE48 /* GooglePixel.png */,
				3ADBD1E3212F9CA900A9DE48 /* Google-Pixel-XL-Black-Back.png */,
				3ADBD1DF212F9C8F00A9DE48 /* texture.jpg */,
				3ADBD1E1212F9C9C00A9DE48 /* Phone_01.mtl */,
				3AEAA0A6210FF49100D45A01 /* Info.plist */,
				3A28A5E82112F6EC00F8313C /* Main */,
				3A9CA4012112DC22004857EB /* AR */,
				3A6045C72112DBA50077EE08 /* Drawer */,
				3A9CA4022112DC35004857EB /* ALFoundation */,
			);
			path = "A·Live";
			sourceTree = "<group>";
		};
		3E3304151DE2822D725C4FF6 /* Frameworks */ = {
			isa = PBXGroup;
			children = (
				8CA50E559B57B74EC7A64398 /* libPods-A·Live.a */,
			);
			name = Frameworks;
			sourceTree = "<group>";
		};
/* End PBXGroup section */

/* Begin PBXNativeTarget section */
		3AEAA096210FF48E00D45A01 /* A·Live */ = {
			isa = PBXNativeTarget;
			buildConfigurationList = 3AEAA0A9210FF49100D45A01 /* Build configuration list for PBXNativeTarget "A·Live" */;
			buildPhases = (
				5019D192BD3CC1B50374444B /* [CP] Check Pods Manifest.lock */,
				3AEAA093210FF48E00D45A01 /* Sources */,
				3AEAA094210FF48E00D45A01 /* Frameworks */,
				3AEAA095210FF48E00D45A01 /* Resources */,
			);
			buildRules = (
			);
			dependencies = (
			);
			name = "A·Live";
			productName = "A·Live";
			productReference = 3AEAA097210FF48E00D45A01 /* A·Live.app */;
			productType = "com.apple.product-type.application";
		};
/* End PBXNativeTarget section */

/* Begin PBXProject section */
		3AEAA08F210FF48E00D45A01 /* Project object */ = {
			isa = PBXProject;
			attributes = {
				LastSwiftUpdateCheck = 1000;
				LastUpgradeCheck = 1000;
				ORGANIZATIONNAME = "李灿晨";
				TargetAttributes = {
					3AEAA096210FF48E00D45A01 = {
						CreatedOnToolsVersion = 10.0;
					};
				};
			};
			buildConfigurationList = 3AEAA092210FF48E00D45A01 /* Build configuration list for PBXProject "A·Live" */;
			compatibilityVersion = "Xcode 9.3";
			developmentRegion = en;
			hasScannedForEncodings = 0;
			knownRegions = (
				en,
				Base,
			);
			mainGroup = 3AEAA08E210FF48E00D45A01;
			productRefGroup = 3AEAA098210FF48E00D45A01 /* Products */;
			projectDirPath = "";
			projectRoot = "";
			targets = (
				3AEAA096210FF48E00D45A01 /* A·Live */,
			);
		};
/* End PBXProject section */

/* Begin PBXResourcesBuildPhase section */
		3AEAA095210FF48E00D45A01 /* Resources */ = {
			isa = PBXResourcesBuildPhase;
			buildActionMask = 2147483647;
			files = (
				3A647EDD212EDD3900090510 /* SunsetShanghai.mov in Resources */,
				3ADBD1DE212F9C8400A9DE48 /* Phone_01.scn in Resources */,
				3AEAA0A5210FF49100D45A01 /* LaunchScreen.storyboard in Resources */,
				3ADBD1E6212F9CB100A9DE48 /* GooglePixel.png in Resources */,
				3AA90F80212ED4DD00F12575 /* AlbumView.xib in Resources */,
				3AEAA0A2210FF49100D45A01 /* Assets.xcassets in Resources */,
				3ADBD1E0212F9C8F00A9DE48 /* texture.jpg in Resources */,
				3ADBD1E4212F9CA900A9DE48 /* Google-Pixel-XL-Black-Back.png in Resources */,
				3AEAA0A0210FF48E00D45A01 /* Main.storyboard in Resources */,
				3AE8636D2111F8B500297088 /* DrawerTabView.xib in Resources */,
				3ADBD1E8212F9CC600A9DE48 /* pixel-screenshot.png in Resources */,
				3AA90F7C212ED15200F12575 /* StoreView.xib in Resources */,
				3ADBD1E2212F9C9C00A9DE48 /* Phone_01.mtl in Resources */,
				3A6DF7422111E38C00DA5CD2 /* DrawerView.xib in Resources */,
			);
			runOnlyForDeploymentPostprocessing = 0;
		};
/* End PBXResourcesBuildPhase section */

/* Begin PBXShellScriptBuildPhase section */
		5019D192BD3CC1B50374444B /* [CP] Check Pods Manifest.lock */ = {
			isa = PBXShellScriptBuildPhase;
			buildActionMask = 2147483647;
			files = (
			);
			inputPaths = (
				"${PODS_PODFILE_DIR_PATH}/Podfile.lock",
				"${PODS_ROOT}/Manifest.lock",
			);
			name = "[CP] Check Pods Manifest.lock";
			outputPaths = (
				"$(DERIVED_FILE_DIR)/Pods-A·Live-checkManifestLockResult.txt",
			);
			runOnlyForDeploymentPostprocessing = 0;
			shellPath = /bin/sh;
			shellScript = "diff \"${PODS_PODFILE_DIR_PATH}/Podfile.lock\" \"${PODS_ROOT}/Manifest.lock\" > /dev/null\nif [ $? != 0 ] ; then\n    # print error to STDERR\n    echo \"error: The sandbox is not in sync with the Podfile.lock. Run 'pod install' or update your CocoaPods installation.\" >&2\n    exit 1\nfi\n# This output is used by Xcode 'outputs' to avoid re-running this script phase.\necho \"SUCCESS\" > \"${SCRIPT_OUTPUT_FILE_0}\"\n";
			showEnvVarsInLog = 0;
		};
/* End PBXShellScriptBuildPhase section */

/* Begin PBXSourcesBuildPhase section */
		3AEAA093210FF48E00D45A01 /* Sources */ = {
			isa = PBXSourcesBuildPhase;
			buildActionMask = 2147483647;
			files = (
				3A19F6E72113FAE90002200B /* ALDataManager.swift in Sources */,
				3AA90F7E212ED46E00F12575 /* AlbumView.swift in Sources */,
				3A23B8AF211199BD006A9C95 /* ARWindowViewController.swift in Sources */,
				3AB8853E21142D0600211531 /* Photo+CoreDataProperties.swift in Sources */,
				3AE8636F2111F8C200297088 /* DrawerTabView.swift in Sources */,
				3A23B8B1211199DE006A9C95 /* DrawerViewController.swift in Sources */,
				3A19F6ED21142B1A0002200B /* Album+CoreDataProperties.swift in Sources */,
				3A19F6EC21142B1A0002200B /* Album.swift in Sources */,
				3A6DF7442111E39B00DA5CD2 /* DrawerView.swift in Sources */,
				3A56BF6E212D7EF80005ABC6 /* Extensions.swift in Sources */,
				3AB8853D21142D0600211531 /* Photo.swift in Sources */,
				3AA90F7A212ED0DA00F12575 /* StoreView.swift in Sources */,
				3A19F6E52113F9F70002200B /* ALDataModel.xcdatamodeld in Sources */,
				3A1ECC6C2112F2230043E1B1 /* MainViewController.swift in Sources */,
				3AEAA09B210FF48E00D45A01 /* AppDelegate.swift in Sources */,
				3A6045C62112D9540077EE08 /* ALTheme.swift in Sources */,
			);
			runOnlyForDeploymentPostprocessing = 0;
		};
/* End PBXSourcesBuildPhase section */

/* Begin PBXVariantGroup section */
		3AEAA09E210FF48E00D45A01 /* Main.storyboard */ = {
			isa = PBXVariantGroup;
			children = (
				3AEAA09F210FF48E00D45A01 /* Base */,
			);
			name = Main.storyboard;
			sourceTree = "<group>";
		};
		3AEAA0A3210FF49100D45A01 /* LaunchScreen.storyboard */ = {
			isa = PBXVariantGroup;
			children = (
				3AEAA0A4210FF49100D45A01 /* Base */,
			);
			name = LaunchScreen.storyboard;
			sourceTree = "<group>";
		};
/* End PBXVariantGroup section */

/* Begin XCBuildConfiguration section */
		3AEAA0A7210FF49100D45A01 /* Debug */ = {
			isa = XCBuildConfiguration;
			buildSettings = {
				ALWAYS_SEARCH_USER_PATHS = NO;
				CLANG_ANALYZER_NONNULL = YES;
				CLANG_ANALYZER_NUMBER_OBJECT_CONVERSION = YES_AGGRESSIVE;
				CLANG_CXX_LANGUAGE_STANDARD = "gnu++14";
				CLANG_CXX_LIBRARY = "libc++";
				CLANG_ENABLE_MODULES = YES;
				CLANG_ENABLE_OBJC_ARC = YES;
				CLANG_ENABLE_OBJC_WEAK = YES;
				CLANG_WARN_BLOCK_CAPTURE_AUTORELEASING = YES;
				CLANG_WARN_BOOL_CONVERSION = YES;
				CLANG_WARN_COMMA = YES;
				CLANG_WARN_CONSTANT_CONVERSION = YES;
				CLANG_WARN_DEPRECATED_OBJC_IMPLEMENTATIONS = YES;
				CLANG_WARN_DIRECT_OBJC_ISA_USAGE = YES_ERROR;
				CLANG_WARN_DOCUMENTATION_COMMENTS = YES;
				CLANG_WARN_EMPTY_BODY = YES;
				CLANG_WARN_ENUM_CONVERSION = YES;
				CLANG_WARN_INFINITE_RECURSION = YES;
				CLANG_WARN_INT_CONVERSION = YES;
				CLANG_WARN_NON_LITERAL_NULL_CONVERSION = YES;
				CLANG_WARN_OBJC_IMPLICIT_RETAIN_SELF = YES;
				CLANG_WARN_OBJC_LITERAL_CONVERSION = YES;
				CLANG_WARN_OBJC_ROOT_CLASS = YES_ERROR;
				CLANG_WARN_RANGE_LOOP_ANALYSIS = YES;
				CLANG_WARN_STRICT_PROTOTYPES = YES;
				CLANG_WARN_SUSPICIOUS_MOVE = YES;
				CLANG_WARN_UNGUARDED_AVAILABILITY = YES_AGGRESSIVE;
				CLANG_WARN_UNREACHABLE_CODE = YES;
				CLANG_WARN__DUPLICATE_METHOD_MATCH = YES;
				CODE_SIGN_IDENTITY = "iPhone Developer";
				COPY_PHASE_STRIP = NO;
				DEBUG_INFORMATION_FORMAT = dwarf;
				ENABLE_STRICT_OBJC_MSGSEND = YES;
				ENABLE_TESTABILITY = YES;
				GCC_C_LANGUAGE_STANDARD = gnu11;
				GCC_DYNAMIC_NO_PIC = NO;
				GCC_NO_COMMON_BLOCKS = YES;
				GCC_OPTIMIZATION_LEVEL = 0;
				GCC_PREPROCESSOR_DEFINITIONS = (
					"DEBUG=1",
					"$(inherited)",
				);
				GCC_WARN_64_TO_32_BIT_CONVERSION = YES;
				GCC_WARN_ABOUT_RETURN_TYPE = YES_ERROR;
				GCC_WARN_UNDECLARED_SELECTOR = YES;
				GCC_WARN_UNINITIALIZED_AUTOS = YES_AGGRESSIVE;
				GCC_WARN_UNUSED_FUNCTION = YES;
				GCC_WARN_UNUSED_VARIABLE = YES;
				IPHONEOS_DEPLOYMENT_TARGET = 12.0;
				MTL_ENABLE_DEBUG_INFO = INCLUDE_SOURCE;
				MTL_FAST_MATH = YES;
				ONLY_ACTIVE_ARCH = YES;
				SDKROOT = iphoneos;
				SWIFT_ACTIVE_COMPILATION_CONDITIONS = DEBUG;
				SWIFT_OPTIMIZATION_LEVEL = "-Onone";
			};
			name = Debug;
		};
		3AEAA0A8210FF49100D45A01 /* Release */ = {
			isa = XCBuildConfiguration;
			buildSettings = {
				ALWAYS_SEARCH_USER_PATHS = NO;
				CLANG_ANALYZER_NONNULL = YES;
				CLANG_ANALYZER_NUMBER_OBJECT_CONVERSION = YES_AGGRESSIVE;
				CLANG_CXX_LANGUAGE_STANDARD = "gnu++14";
				CLANG_CXX_LIBRARY = "libc++";
				CLANG_ENABLE_MODULES = YES;
				CLANG_ENABLE_OBJC_ARC = YES;
				CLANG_ENABLE_OBJC_WEAK = YES;
				CLANG_WARN_BLOCK_CAPTURE_AUTORELEASING = YES;
				CLANG_WARN_BOOL_CONVERSION = YES;
				CLANG_WARN_COMMA = YES;
				CLANG_WARN_CONSTANT_CONVERSION = YES;
				CLANG_WARN_DEPRECATED_OBJC_IMPLEMENTATIONS = YES;
				CLANG_WARN_DIRECT_OBJC_ISA_USAGE = YES_ERROR;
				CLANG_WARN_DOCUMENTATION_COMMENTS = YES;
				CLANG_WARN_EMPTY_BODY = YES;
				CLANG_WARN_ENUM_CONVERSION = YES;
				CLANG_WARN_INFINITE_RECURSION = YES;
				CLANG_WARN_INT_CONVERSION = YES;
				CLANG_WARN_NON_LITERAL_NULL_CONVERSION = YES;
				CLANG_WARN_OBJC_IMPLICIT_RETAIN_SELF = YES;
				CLANG_WARN_OBJC_LITERAL_CONVERSION = YES;
				CLANG_WARN_OBJC_ROOT_CLASS = YES_ERROR;
				CLANG_WARN_RANGE_LOOP_ANALYSIS = YES;
				CLANG_WARN_STRICT_PROTOTYPES = YES;
				CLANG_WARN_SUSPICIOUS_MOVE = YES;
				CLANG_WARN_UNGUARDED_AVAILABILITY = YES_AGGRESSIVE;
				CLANG_WARN_UNREACHABLE_CODE = YES;
				CLANG_WARN__DUPLICATE_METHOD_MATCH = YES;
				CODE_SIGN_IDENTITY = "iPhone Developer";
				COPY_PHASE_STRIP = NO;
				DEBUG_INFORMATION_FORMAT = "dwarf-with-dsym";
				ENABLE_NS_ASSERTIONS = NO;
				ENABLE_STRICT_OBJC_MSGSEND = YES;
				GCC_C_LANGUAGE_STANDARD = gnu11;
				GCC_NO_COMMON_BLOCKS = YES;
				GCC_WARN_64_TO_32_BIT_CONVERSION = YES;
				GCC_WARN_ABOUT_RETURN_TYPE = YES_ERROR;
				GCC_WARN_UNDECLARED_SELECTOR = YES;
				GCC_WARN_UNINITIALIZED_AUTOS = YES_AGGRESSIVE;
				GCC_WARN_UNUSED_FUNCTION = YES;
				GCC_WARN_UNUSED_VARIABLE = YES;
				IPHONEOS_DEPLOYMENT_TARGET = 12.0;
				MTL_ENABLE_DEBUG_INFO = NO;
				MTL_FAST_MATH = YES;
				SDKROOT = iphoneos;
				SWIFT_COMPILATION_MODE = wholemodule;
				SWIFT_OPTIMIZATION_LEVEL = "-O";
				VALIDATE_PRODUCT = YES;
			};
			name = Release;
		};
		3AEAA0AA210FF49100D45A01 /* Debug */ = {
			isa = XCBuildConfiguration;
			baseConfigurationReference = FB2115A812E8ECE18F9F4C6C /* Pods-A·Live.debug.xcconfig */;
			buildSettings = {
				ASSETCATALOG_COMPILER_APPICON_NAME = AppIcon;
				CODE_SIGN_STYLE = Automatic;
				DEVELOPMENT_TEAM = 4C47ZVS5JD;
				INFOPLIST_FILE = "A·Live/Info.plist";
				IPHONEOS_DEPLOYMENT_TARGET = 12.0;
				LD_RUNPATH_SEARCH_PATHS = (
					"$(inherited)",
					"@executable_path/Frameworks",
				);
				PRODUCT_BUNDLE_IDENTIFIER = "com.Frost.A-Live";
				PRODUCT_NAME = "$(TARGET_NAME)";
				SWIFT_VERSION = 4.2;
				TARGETED_DEVICE_FAMILY = 1;
			};
			name = Debug;
		};
		3AEAA0AB210FF49100D45A01 /* Release */ = {
			isa = XCBuildConfiguration;
			baseConfigurationReference = 898FFCFCA52587E92A2763F9 /* Pods-A·Live.release.xcconfig */;
			buildSettings = {
				ASSETCATALOG_COMPILER_APPICON_NAME = AppIcon;
				CODE_SIGN_STYLE = Automatic;
				DEVELOPMENT_TEAM = 4C47ZVS5JD;
				INFOPLIST_FILE = "A·Live/Info.plist";
				IPHONEOS_DEPLOYMENT_TARGET = 12.0;
				LD_RUNPATH_SEARCH_PATHS = (
					"$(inherited)",
					"@executable_path/Frameworks",
				);
				PRODUCT_BUNDLE_IDENTIFIER = "com.Frost.A-Live";
				PRODUCT_NAME = "$(TARGET_NAME)";
				SWIFT_VERSION = 4.2;
				TARGETED_DEVICE_FAMILY = 1;
			};
			name = Release;
		};
/* End XCBuildConfiguration section */

/* Begin XCConfigurationList section */
		3AEAA092210FF48E00D45A01 /* Build configuration list for PBXProject "A·Live" */ = {
			isa = XCConfigurationList;
			buildConfigurations = (
				3AEAA0A7210FF49100D45A01 /* Debug */,
				3AEAA0A8210FF49100D45A01 /* Release */,
			);
			defaultConfigurationIsVisible = 0;
			defaultConfigurationName = Release;
		};
		3AEAA0A9210FF49100D45A01 /* Build configuration list for PBXNativeTarget "A·Live" */ = {
			isa = XCConfigurationList;
			buildConfigurations = (
				3AEAA0AA210FF49100D45A01 /* Debug */,
				3AEAA0AB210FF49100D45A01 /* Release */,
			);
			defaultConfigurationIsVisible = 0;
			defaultConfigurationName = Release;
		};
/* End XCConfigurationList section */

/* Begin XCVersionGroup section */
		3A19F6E32113F9F70002200B /* ALDataModel.xcdatamodeld */ = {
			isa = XCVersionGroup;
			children = (
				3A19F6E42113F9F70002200B /* ALDataModel.xcdatamodel */,
			);
			currentVersion = 3A19F6E42113F9F70002200B /* ALDataModel.xcdatamodel */;
			path = ALDataModel.xcdatamodeld;
			sourceTree = "<group>";
			versionGroupType = wrapper.xcdatamodel;
		};
/* End XCVersionGroup section */
	};
	rootObject = 3AEAA08F210FF48E00D45A01 /* Project object */;
}
